// !$*UTF8*$!
{
	archiveVersion = 1;
	classes = {
	};
	objectVersion = 56;
	objects = {

/* Begin PBXBuildFile section */
		3140618229C591C30099F6F8 /* AppDelegate.swift in Sources */ = {isa = PBXBuildFile; fileRef = 3140618129C591C30099F6F8 /* AppDelegate.swift */; };
		3140618429C591C30099F6F8 /* SceneDelegate.swift in Sources */ = {isa = PBXBuildFile; fileRef = 3140618329C591C30099F6F8 /* SceneDelegate.swift */; };
		3140618629C591C30099F6F8 /* ViewController.swift in Sources */ = {isa = PBXBuildFile; fileRef = 3140618529C591C30099F6F8 /* ViewController.swift */; };
		3140618929C591C30099F6F8 /* Main.storyboard in Resources */ = {isa = PBXBuildFile; fileRef = 3140618729C591C30099F6F8 /* Main.storyboard */; };
		3140618B29C591C50099F6F8 /* Assets.xcassets in Resources */ = {isa = PBXBuildFile; fileRef = 3140618A29C591C50099F6F8 /* Assets.xcassets */; };
		3140618E29C591C50099F6F8 /* LaunchScreen.storyboard in Resources */ = {isa = PBXBuildFile; fileRef = 3140618C29C591C50099F6F8 /* LaunchScreen.storyboard */; };
		3140619929C591C50099F6F8 /* AppStoreCloneTests.swift in Sources */ = {isa = PBXBuildFile; fileRef = 3140619829C591C50099F6F8 /* AppStoreCloneTests.swift */; };
		314061A329C591C50099F6F8 /* AppStoreCloneUITests.swift in Sources */ = {isa = PBXBuildFile; fileRef = 314061A229C591C50099F6F8 /* AppStoreCloneUITests.swift */; };
		314061A529C591C50099F6F8 /* AppStoreCloneUITestsLaunchTests.swift in Sources */ = {isa = PBXBuildFile; fileRef = 314061A429C591C50099F6F8 /* AppStoreCloneUITestsLaunchTests.swift */; };
		314061B529C59E0F0099F6F8 /* ViewModel.swift in Sources */ = {isa = PBXBuildFile; fileRef = 314061B429C59E0F0099F6F8 /* ViewModel.swift */; };
		314061B729C59F130099F6F8 /* ViewModelBased.swift in Sources */ = {isa = PBXBuildFile; fileRef = 314061B629C59F130099F6F8 /* ViewModelBased.swift */; };
		314061B929C5A1090099F6F8 /* StoryboardBased.swift in Sources */ = {isa = PBXBuildFile; fileRef = 314061B829C5A1090099F6F8 /* StoryboardBased.swift */; };
		315E1EF829C6D94900C51259 /* Realm in Frameworks */ = {isa = PBXBuildFile; productRef = 315E1EF729C6D94900C51259 /* Realm */; };
		315E1EFA29C6D94900C51259 /* RealmSwift in Frameworks */ = {isa = PBXBuildFile; productRef = 315E1EF929C6D94900C51259 /* RealmSwift */; };
		315E1F0229C6DC3B00C51259 /* Constants.swift in Sources */ = {isa = PBXBuildFile; fileRef = 315E1F0129C6DC3B00C51259 /* Constants.swift */; };
		315E1F0429C6DC5300C51259 /* Constants.Realm+.swift in Sources */ = {isa = PBXBuildFile; fileRef = 315E1F0329C6DC5300C51259 /* Constants.Realm+.swift */; };
		315E1F0929C6E19300C51259 /* LatestSearchKeywordStoreItem.swift in Sources */ = {isa = PBXBuildFile; fileRef = 315E1F0729C6E19300C51259 /* LatestSearchKeywordStoreItem.swift */; };
		315E1F0A29C6E19300C51259 /* LatestSearchKeywordStorage.swift in Sources */ = {isa = PBXBuildFile; fileRef = 315E1F0829C6E19300C51259 /* LatestSearchKeywordStorage.swift */; };
		315FDA3829C5D99B0049B3A7 /* SearchResultViewController.storyboard in Resources */ = {isa = PBXBuildFile; fileRef = 315FDA3529C5D99B0049B3A7 /* SearchResultViewController.storyboard */; };
		315FDA3929C5D99B0049B3A7 /* SearchResultViewController.swift in Sources */ = {isa = PBXBuildFile; fileRef = 315FDA3629C5D99B0049B3A7 /* SearchResultViewController.swift */; };
		315FDA3A29C5D99B0049B3A7 /* SearchResultViewModel.swift in Sources */ = {isa = PBXBuildFile; fileRef = 315FDA3729C5D99B0049B3A7 /* SearchResultViewModel.swift */; };
		315FDA3E29C5DDB50049B3A7 /* NibLoadableView.swift in Sources */ = {isa = PBXBuildFile; fileRef = 315FDA3D29C5DDB50049B3A7 /* NibLoadableView.swift */; };
		315FDA4129C5DE540049B3A7 /* SnapKit in Frameworks */ = {isa = PBXBuildFile; productRef = 315FDA4029C5DE540049B3A7 /* SnapKit */; };
		315FDA4329C5DEF10049B3A7 /* ReusableView.swift in Sources */ = {isa = PBXBuildFile; fileRef = 315FDA4229C5DEF10049B3A7 /* ReusableView.swift */; };
		315FDA4529C5E0250049B3A7 /* UITableView+.swift in Sources */ = {isa = PBXBuildFile; fileRef = 315FDA4429C5E0250049B3A7 /* UITableView+.swift */; };
		315FDA4829C5E0F10049B3A7 /* LatestSearchKeywordCell.swift in Sources */ = {isa = PBXBuildFile; fileRef = 315FDA4629C5E0F10049B3A7 /* LatestSearchKeywordCell.swift */; };
		315FDA4929C5E0F10049B3A7 /* LatestSearchKeywordCell.xib in Resources */ = {isa = PBXBuildFile; fileRef = 315FDA4729C5E0F10049B3A7 /* LatestSearchKeywordCell.xib */; };
		316A44B129C826CE005ADAF2 /* Kingfisher in Frameworks */ = {isa = PBXBuildFile; productRef = 316A44B029C826CE005ADAF2 /* Kingfisher */; };
		316A44B329C826EB005ADAF2 /* UIImageView+.swift in Sources */ = {isa = PBXBuildFile; fileRef = 316A44B229C826EB005ADAF2 /* UIImageView+.swift */; };
		316A44B829C8425B005ADAF2 /* ImageProgressComponentView.swift in Sources */ = {isa = PBXBuildFile; fileRef = 316A44B729C8425B005ADAF2 /* ImageProgressComponentView.swift */; };
		316A44BA29C87F9F005ADAF2 /* AverageUserRatingView.swift in Sources */ = {isa = PBXBuildFile; fileRef = 316A44B929C87F9F005ADAF2 /* AverageUserRatingView.swift */; };
		316A44BC29C88FA8005ADAF2 /* Int+.swift in Sources */ = {isa = PBXBuildFile; fileRef = 316A44BB29C88FA8005ADAF2 /* Int+.swift */; };
		316A44BF29C8B185005ADAF2 /* Loadable.swift in Sources */ = {isa = PBXBuildFile; fileRef = 316A44BE29C8B185005ADAF2 /* Loadable.swift */; };
		316A44C129C8B195005ADAF2 /* LoadingView.swift in Sources */ = {isa = PBXBuildFile; fileRef = 316A44C029C8B195005ADAF2 /* LoadingView.swift */; };
		316A44C329C8B1AC005ADAF2 /* DefaultLoadingView.swift in Sources */ = {isa = PBXBuildFile; fileRef = 316A44C229C8B1AC005ADAF2 /* DefaultLoadingView.swift */; };
		316A44C529C8C58E005ADAF2 /* LatestSearchKeywordHeaderView.swift in Sources */ = {isa = PBXBuildFile; fileRef = 316A44C429C8C58E005ADAF2 /* LatestSearchKeywordHeaderView.swift */; };
		316A44C729C8C5B4005ADAF2 /* LatestSearchKeywordHeaderView.xib in Resources */ = {isa = PBXBuildFile; fileRef = 316A44C629C8C5B4005ADAF2 /* LatestSearchKeywordHeaderView.xib */; };
		316A44CC29C8CD23005ADAF2 /* SoftwareDetailViewController.storyboard in Resources */ = {isa = PBXBuildFile; fileRef = 316A44C929C8CD23005ADAF2 /* SoftwareDetailViewController.storyboard */; };
		316A44CD29C8CD23005ADAF2 /* SoftwareDetailViewController.swift in Sources */ = {isa = PBXBuildFile; fileRef = 316A44CA29C8CD23005ADAF2 /* SoftwareDetailViewController.swift */; };
		316A44CE29C8CD23005ADAF2 /* SoftwareDetailViewModel.swift in Sources */ = {isa = PBXBuildFile; fileRef = 316A44CB29C8CD23005ADAF2 /* SoftwareDetailViewModel.swift */; };
		316A44D029C8CD36005ADAF2 /* SoftwareDetailViewModel+.swift in Sources */ = {isa = PBXBuildFile; fileRef = 316A44CF29C8CD36005ADAF2 /* SoftwareDetailViewModel+.swift */; };
		316A44D229C8F229005ADAF2 /* UIButton+.swift in Sources */ = {isa = PBXBuildFile; fileRef = 316A44D129C8F229005ADAF2 /* UIButton+.swift */; };
		316A44E129C98F3D005ADAF2 /* String+.swift in Sources */ = {isa = PBXBuildFile; fileRef = 316A44E029C98F3D005ADAF2 /* String+.swift */; };
		316A44E329C98F81005ADAF2 /* Date+.swift in Sources */ = {isa = PBXBuildFile; fileRef = 316A44E229C98F81005ADAF2 /* Date+.swift */; };
		316A44E729C99343005ADAF2 /* SoftwareDetailHeaderCell.xib in Resources */ = {isa = PBXBuildFile; fileRef = 316A44E529C99343005ADAF2 /* SoftwareDetailHeaderCell.xib */; };
		316A44EB29C99913005ADAF2 /* SoftwareDetailHeaderCell.swift in Sources */ = {isa = PBXBuildFile; fileRef = 316A44EA29C99913005ADAF2 /* SoftwareDetailHeaderCell.swift */; };
		316A44EE29C9A310005ADAF2 /* SoftwareDetailNewFeatureCell.swift in Sources */ = {isa = PBXBuildFile; fileRef = 316A44EC29C9A310005ADAF2 /* SoftwareDetailNewFeatureCell.swift */; };
		316A44EF29C9A310005ADAF2 /* SoftwareDetailNewFeatureCell.xib in Resources */ = {isa = PBXBuildFile; fileRef = 316A44ED29C9A310005ADAF2 /* SoftwareDetailNewFeatureCell.xib */; };
		316A44F129C9AA8A005ADAF2 /* CALayer+.swift in Sources */ = {isa = PBXBuildFile; fileRef = 316A44F029C9AA8A005ADAF2 /* CALayer+.swift */; };
		316A44F529C9BAE1005ADAF2 /* Double+.swift in Sources */ = {isa = PBXBuildFile; fileRef = 316A44F429C9BAE1005ADAF2 /* Double+.swift */; };
		316A44F929C9C507005ADAF2 /* SoftwareDetailPreviewCell.swift in Sources */ = {isa = PBXBuildFile; fileRef = 316A44F729C9C507005ADAF2 /* SoftwareDetailPreviewCell.swift */; };
		316A44FA29C9C507005ADAF2 /* SoftwareDetailPreviewCell.xib in Resources */ = {isa = PBXBuildFile; fileRef = 316A44F829C9C507005ADAF2 /* SoftwareDetailPreviewCell.xib */; };
		316A44FC29C9E279005ADAF2 /* BaseViewModel.swift in Sources */ = {isa = PBXBuildFile; fileRef = 316A44FB29C9E279005ADAF2 /* BaseViewModel.swift */; };
		316A450129C9F3AE005ADAF2 /* SoftwareDetailPreviewContentCell.swift in Sources */ = {isa = PBXBuildFile; fileRef = 316A44FF29C9F3AE005ADAF2 /* SoftwareDetailPreviewContentCell.swift */; };
		316A450229C9F3AE005ADAF2 /* SoftwareDetailPreviewContentCell.xib in Resources */ = {isa = PBXBuildFile; fileRef = 316A450029C9F3AE005ADAF2 /* SoftwareDetailPreviewContentCell.xib */; };
		316A450429C9F508005ADAF2 /* UICollectionView+.swift in Sources */ = {isa = PBXBuildFile; fileRef = 316A450329C9F508005ADAF2 /* UICollectionView+.swift */; };
		316A450629C9F589005ADAF2 /* ScreenshotItem.swift in Sources */ = {isa = PBXBuildFile; fileRef = 316A450529C9F589005ADAF2 /* ScreenshotItem.swift */; };
		316A450D29CA265A005ADAF2 /* SoftwareDetailDescriptionCell.swift in Sources */ = {isa = PBXBuildFile; fileRef = 316A450B29CA265A005ADAF2 /* SoftwareDetailDescriptionCell.swift */; };
		316A450E29CA265A005ADAF2 /* SoftwareDetailDescriptionCell.xib in Resources */ = {isa = PBXBuildFile; fileRef = 316A450C29CA265A005ADAF2 /* SoftwareDetailDescriptionCell.xib */; };
		3194F10C29C5ABDE0055AA7D /* RxCocoa in Frameworks */ = {isa = PBXBuildFile; productRef = 3194F10B29C5ABDE0055AA7D /* RxCocoa */; };
		3194F10E29C5ABDE0055AA7D /* RxRelay in Frameworks */ = {isa = PBXBuildFile; productRef = 3194F10D29C5ABDE0055AA7D /* RxRelay */; };
		3194F11029C5ABDE0055AA7D /* RxSwift in Frameworks */ = {isa = PBXBuildFile; productRef = 3194F10F29C5ABDE0055AA7D /* RxSwift */; };
		3194F11329C5AC110055AA7D /* APITarget.swift in Sources */ = {isa = PBXBuildFile; fileRef = 3194F11229C5AC110055AA7D /* APITarget.swift */; };
		3194F11629C5ACA30055AA7D /* Moya in Frameworks */ = {isa = PBXBuildFile; productRef = 3194F11529C5ACA30055AA7D /* Moya */; };
		3194F11829C5ACA30055AA7D /* RxMoya in Frameworks */ = {isa = PBXBuildFile; productRef = 3194F11729C5ACA30055AA7D /* RxMoya */; };
		3194F11A29C5AD8C0055AA7D /* APITargetType.swift in Sources */ = {isa = PBXBuildFile; fileRef = 3194F11929C5AD8C0055AA7D /* APITargetType.swift */; };
		3194F11C29C5AE0E0055AA7D /* APIProvider.swift in Sources */ = {isa = PBXBuildFile; fileRef = 3194F11B29C5AE0E0055AA7D /* APIProvider.swift */; };
		3194F11E29C5B9290055AA7D /* APIService.swift in Sources */ = {isa = PBXBuildFile; fileRef = 3194F11D29C5B9290055AA7D /* APIService.swift */; };
		3194F12029C5B9AA0055AA7D /* APIError.swift in Sources */ = {isa = PBXBuildFile; fileRef = 3194F11F29C5B9AA0055AA7D /* APIError.swift */; };
		3194F12329C5BCF70055AA7D /* Error+.swift in Sources */ = {isa = PBXBuildFile; fileRef = 3194F12229C5BCF70055AA7D /* Error+.swift */; };
		3194F12729C5C6500055AA7D /* SearchViewModel.swift in Sources */ = {isa = PBXBuildFile; fileRef = 3194F12629C5C6500055AA7D /* SearchViewModel.swift */; };
		3194F12929C5C66F0055AA7D /* SearchViewModel+.swift in Sources */ = {isa = PBXBuildFile; fileRef = 3194F12829C5C66F0055AA7D /* SearchViewModel+.swift */; };
		3194F12B29C5C6CE0055AA7D /* SearchViewController.swift in Sources */ = {isa = PBXBuildFile; fileRef = 3194F12A29C5C6CE0055AA7D /* SearchViewController.swift */; };
		3194F12D29C5C6EE0055AA7D /* BaseViewController.swift in Sources */ = {isa = PBXBuildFile; fileRef = 3194F12C29C5C6EE0055AA7D /* BaseViewController.swift */; };
		3194F13029C5C9AA0055AA7D /* WindowService.swift in Sources */ = {isa = PBXBuildFile; fileRef = 3194F12F29C5C9AA0055AA7D /* WindowService.swift */; };
		3194F13229C5CC350055AA7D /* SearchViewController.storyboard in Resources */ = {isa = PBXBuildFile; fileRef = 3194F13129C5CC350055AA7D /* SearchViewController.storyboard */; };
		3194F13529C5CCE70055AA7D /* MainTabBarViewController.swift in Sources */ = {isa = PBXBuildFile; fileRef = 3194F13429C5CCE60055AA7D /* MainTabBarViewController.swift */; };
		31D4C6AA29C6EA62009E9207 /* SearchResultViewModel+.swift in Sources */ = {isa = PBXBuildFile; fileRef = 31D4C6A929C6EA62009E9207 /* SearchResultViewModel+.swift */; };
		31D4C6AD29C6ED21009E9207 /* RecommendSearchKeywordCell.swift in Sources */ = {isa = PBXBuildFile; fileRef = 31D4C6AB29C6ED21009E9207 /* RecommendSearchKeywordCell.swift */; };
		31D4C6AE29C6ED21009E9207 /* RecommendSearchKeywordCell.xib in Resources */ = {isa = PBXBuildFile; fileRef = 31D4C6AC29C6ED21009E9207 /* RecommendSearchKeywordCell.xib */; };
		31D4C6B029C6FAD3009E9207 /* Array+.swift in Sources */ = {isa = PBXBuildFile; fileRef = 31D4C6AF29C6FAD3009E9207 /* Array+.swift */; };
		31D4C6B229C715E7009E9207 /* APITarget.Itunes.swift in Sources */ = {isa = PBXBuildFile; fileRef = 31D4C6B129C715E7009E9207 /* APITarget.Itunes.swift */; };
		31D4C6B429C71641009E9207 /* Constants.Domain.swift in Sources */ = {isa = PBXBuildFile; fileRef = 31D4C6B329C71641009E9207 /* Constants.Domain.swift */; };
		31D4C6B929C73554009E9207 /* ItunesSearchSoftwareResponseModel.swift in Sources */ = {isa = PBXBuildFile; fileRef = 31D4C6B829C73554009E9207 /* ItunesSearchSoftwareResponseModel.swift */; };
		31D4C6BB29C73DF0009E9207 /* APILogPlugin.swift in Sources */ = {isa = PBXBuildFile; fileRef = 31D4C6BA29C73DF0009E9207 /* APILogPlugin.swift */; };
		31D4C6BD29C73FD9009E9207 /* ItunesMediaType.swift in Sources */ = {isa = PBXBuildFile; fileRef = 31D4C6BC29C73FD8009E9207 /* ItunesMediaType.swift */; };
		31D4C6BF29C819B8009E9207 /* SoftwareItem.swift in Sources */ = {isa = PBXBuildFile; fileRef = 31D4C6BE29C819B8009E9207 /* SoftwareItem.swift */; };
		31D4C6C229C81B89009E9207 /* LoadingTracker.swift in Sources */ = {isa = PBXBuildFile; fileRef = 31D4C6C129C81B89009E9207 /* LoadingTracker.swift */; };
		31D4C6C529C81DD7009E9207 /* SoftwareCell.swift in Sources */ = {isa = PBXBuildFile; fileRef = 31D4C6C329C81DD7009E9207 /* SoftwareCell.swift */; };
		31D4C6C629C81DD7009E9207 /* SoftwareCell.xib in Resources */ = {isa = PBXBuildFile; fileRef = 31D4C6C429C81DD7009E9207 /* SoftwareCell.xib */; };
/* End PBXBuildFile section */

/* Begin PBXContainerItemProxy section */
		3140619529C591C50099F6F8 /* PBXContainerItemProxy */ = {
			isa = PBXContainerItemProxy;
			containerPortal = 3140617629C591C30099F6F8 /* Project object */;
			proxyType = 1;
			remoteGlobalIDString = 3140617D29C591C30099F6F8;
			remoteInfo = AppStoreClone;
		};
		3140619F29C591C50099F6F8 /* PBXContainerItemProxy */ = {
			isa = PBXContainerItemProxy;
			containerPortal = 3140617629C591C30099F6F8 /* Project object */;
			proxyType = 1;
			remoteGlobalIDString = 3140617D29C591C30099F6F8;
			remoteInfo = AppStoreClone;
		};
/* End PBXContainerItemProxy section */

/* Begin PBXFileReference section */
		3140617E29C591C30099F6F8 /* AppStoreClone.app */ = {isa = PBXFileReference; explicitFileType = wrapper.application; includeInIndex = 0; path = AppStoreClone.app; sourceTree = BUILT_PRODUCTS_DIR; };
		3140618129C591C30099F6F8 /* AppDelegate.swift */ = {isa = PBXFileReference; lastKnownFileType = sourcecode.swift; path = AppDelegate.swift; sourceTree = "<group>"; };
		3140618329C591C30099F6F8 /* SceneDelegate.swift */ = {isa = PBXFileReference; lastKnownFileType = sourcecode.swift; path = SceneDelegate.swift; sourceTree = "<group>"; };
		3140618529C591C30099F6F8 /* ViewController.swift */ = {isa = PBXFileReference; lastKnownFileType = sourcecode.swift; path = ViewController.swift; sourceTree = "<group>"; };
		3140618829C591C30099F6F8 /* Base */ = {isa = PBXFileReference; lastKnownFileType = file.storyboard; name = Base; path = Base.lproj/Main.storyboard; sourceTree = "<group>"; };
		3140618A29C591C50099F6F8 /* Assets.xcassets */ = {isa = PBXFileReference; lastKnownFileType = folder.assetcatalog; path = Assets.xcassets; sourceTree = "<group>"; };
		3140618D29C591C50099F6F8 /* Base */ = {isa = PBXFileReference; lastKnownFileType = file.storyboard; name = Base; path = Base.lproj/LaunchScreen.storyboard; sourceTree = "<group>"; };
		3140618F29C591C50099F6F8 /* Info.plist */ = {isa = PBXFileReference; lastKnownFileType = text.plist.xml; path = Info.plist; sourceTree = "<group>"; };
		3140619429C591C50099F6F8 /* AppStoreCloneTests.xctest */ = {isa = PBXFileReference; explicitFileType = wrapper.cfbundle; includeInIndex = 0; path = AppStoreCloneTests.xctest; sourceTree = BUILT_PRODUCTS_DIR; };
		3140619829C591C50099F6F8 /* AppStoreCloneTests.swift */ = {isa = PBXFileReference; lastKnownFileType = sourcecode.swift; path = AppStoreCloneTests.swift; sourceTree = "<group>"; };
		3140619E29C591C50099F6F8 /* AppStoreCloneUITests.xctest */ = {isa = PBXFileReference; explicitFileType = wrapper.cfbundle; includeInIndex = 0; path = AppStoreCloneUITests.xctest; sourceTree = BUILT_PRODUCTS_DIR; };
		314061A229C591C50099F6F8 /* AppStoreCloneUITests.swift */ = {isa = PBXFileReference; lastKnownFileType = sourcecode.swift; path = AppStoreCloneUITests.swift; sourceTree = "<group>"; };
		314061A429C591C50099F6F8 /* AppStoreCloneUITestsLaunchTests.swift */ = {isa = PBXFileReference; lastKnownFileType = sourcecode.swift; path = AppStoreCloneUITestsLaunchTests.swift; sourceTree = "<group>"; };
		314061B429C59E0F0099F6F8 /* ViewModel.swift */ = {isa = PBXFileReference; lastKnownFileType = sourcecode.swift; path = ViewModel.swift; sourceTree = "<group>"; };
		314061B629C59F130099F6F8 /* ViewModelBased.swift */ = {isa = PBXFileReference; lastKnownFileType = sourcecode.swift; path = ViewModelBased.swift; sourceTree = "<group>"; };
		314061B829C5A1090099F6F8 /* StoryboardBased.swift */ = {isa = PBXFileReference; lastKnownFileType = sourcecode.swift; path = StoryboardBased.swift; sourceTree = "<group>"; };
		315E1F0129C6DC3B00C51259 /* Constants.swift */ = {isa = PBXFileReference; lastKnownFileType = sourcecode.swift; path = Constants.swift; sourceTree = "<group>"; };
		315E1F0329C6DC5300C51259 /* Constants.Realm+.swift */ = {isa = PBXFileReference; lastKnownFileType = sourcecode.swift; path = "Constants.Realm+.swift"; sourceTree = "<group>"; };
		315E1F0729C6E19300C51259 /* LatestSearchKeywordStoreItem.swift */ = {isa = PBXFileReference; fileEncoding = 4; lastKnownFileType = sourcecode.swift; path = LatestSearchKeywordStoreItem.swift; sourceTree = "<group>"; };
		315E1F0829C6E19300C51259 /* LatestSearchKeywordStorage.swift */ = {isa = PBXFileReference; fileEncoding = 4; lastKnownFileType = sourcecode.swift; path = LatestSearchKeywordStorage.swift; sourceTree = "<group>"; };
		315FDA3529C5D99B0049B3A7 /* SearchResultViewController.storyboard */ = {isa = PBXFileReference; lastKnownFileType = file.storyboard; path = SearchResultViewController.storyboard; sourceTree = "<group>"; };
		315FDA3629C5D99B0049B3A7 /* SearchResultViewController.swift */ = {isa = PBXFileReference; lastKnownFileType = sourcecode.swift; path = SearchResultViewController.swift; sourceTree = "<group>"; };
		315FDA3729C5D99B0049B3A7 /* SearchResultViewModel.swift */ = {isa = PBXFileReference; lastKnownFileType = sourcecode.swift; path = SearchResultViewModel.swift; sourceTree = "<group>"; };
		315FDA3D29C5DDB50049B3A7 /* NibLoadableView.swift */ = {isa = PBXFileReference; lastKnownFileType = sourcecode.swift; path = NibLoadableView.swift; sourceTree = "<group>"; };
		315FDA4229C5DEF10049B3A7 /* ReusableView.swift */ = {isa = PBXFileReference; lastKnownFileType = sourcecode.swift; path = ReusableView.swift; sourceTree = "<group>"; };
		315FDA4429C5E0250049B3A7 /* UITableView+.swift */ = {isa = PBXFileReference; lastKnownFileType = sourcecode.swift; path = "UITableView+.swift"; sourceTree = "<group>"; };
		315FDA4629C5E0F10049B3A7 /* LatestSearchKeywordCell.swift */ = {isa = PBXFileReference; lastKnownFileType = sourcecode.swift; path = LatestSearchKeywordCell.swift; sourceTree = "<group>"; };
		315FDA4729C5E0F10049B3A7 /* LatestSearchKeywordCell.xib */ = {isa = PBXFileReference; lastKnownFileType = file.xib; path = LatestSearchKeywordCell.xib; sourceTree = "<group>"; };
		316A44B229C826EB005ADAF2 /* UIImageView+.swift */ = {isa = PBXFileReference; lastKnownFileType = sourcecode.swift; path = "UIImageView+.swift"; sourceTree = "<group>"; };
		316A44B729C8425B005ADAF2 /* ImageProgressComponentView.swift */ = {isa = PBXFileReference; lastKnownFileType = sourcecode.swift; path = ImageProgressComponentView.swift; sourceTree = "<group>"; };
		316A44B929C87F9F005ADAF2 /* AverageUserRatingView.swift */ = {isa = PBXFileReference; lastKnownFileType = sourcecode.swift; path = AverageUserRatingView.swift; sourceTree = "<group>"; };
		316A44BB29C88FA8005ADAF2 /* Int+.swift */ = {isa = PBXFileReference; lastKnownFileType = sourcecode.swift; path = "Int+.swift"; sourceTree = "<group>"; };
		316A44BE29C8B185005ADAF2 /* Loadable.swift */ = {isa = PBXFileReference; lastKnownFileType = sourcecode.swift; path = Loadable.swift; sourceTree = "<group>"; };
		316A44C029C8B195005ADAF2 /* LoadingView.swift */ = {isa = PBXFileReference; lastKnownFileType = sourcecode.swift; path = LoadingView.swift; sourceTree = "<group>"; };
		316A44C229C8B1AC005ADAF2 /* DefaultLoadingView.swift */ = {isa = PBXFileReference; lastKnownFileType = sourcecode.swift; path = DefaultLoadingView.swift; sourceTree = "<group>"; };
		316A44C429C8C58E005ADAF2 /* LatestSearchKeywordHeaderView.swift */ = {isa = PBXFileReference; lastKnownFileType = sourcecode.swift; path = LatestSearchKeywordHeaderView.swift; sourceTree = "<group>"; };
		316A44C629C8C5B4005ADAF2 /* LatestSearchKeywordHeaderView.xib */ = {isa = PBXFileReference; lastKnownFileType = file.xib; path = LatestSearchKeywordHeaderView.xib; sourceTree = "<group>"; };
		316A44C929C8CD23005ADAF2 /* SoftwareDetailViewController.storyboard */ = {isa = PBXFileReference; lastKnownFileType = file.storyboard; path = SoftwareDetailViewController.storyboard; sourceTree = "<group>"; };
		316A44CA29C8CD23005ADAF2 /* SoftwareDetailViewController.swift */ = {isa = PBXFileReference; lastKnownFileType = sourcecode.swift; path = SoftwareDetailViewController.swift; sourceTree = "<group>"; };
		316A44CB29C8CD23005ADAF2 /* SoftwareDetailViewModel.swift */ = {isa = PBXFileReference; lastKnownFileType = sourcecode.swift; path = SoftwareDetailViewModel.swift; sourceTree = "<group>"; };
		316A44CF29C8CD36005ADAF2 /* SoftwareDetailViewModel+.swift */ = {isa = PBXFileReference; lastKnownFileType = sourcecode.swift; path = "SoftwareDetailViewModel+.swift"; sourceTree = "<group>"; };
		316A44D129C8F229005ADAF2 /* UIButton+.swift */ = {isa = PBXFileReference; lastKnownFileType = sourcecode.swift; path = "UIButton+.swift"; sourceTree = "<group>"; };
		316A44E029C98F3D005ADAF2 /* String+.swift */ = {isa = PBXFileReference; lastKnownFileType = sourcecode.swift; path = "String+.swift"; sourceTree = "<group>"; };
		316A44E229C98F81005ADAF2 /* Date+.swift */ = {isa = PBXFileReference; lastKnownFileType = sourcecode.swift; path = "Date+.swift"; sourceTree = "<group>"; };
		316A44E529C99343005ADAF2 /* SoftwareDetailHeaderCell.xib */ = {isa = PBXFileReference; lastKnownFileType = file.xib; path = SoftwareDetailHeaderCell.xib; sourceTree = "<group>"; };
		316A44EA29C99913005ADAF2 /* SoftwareDetailHeaderCell.swift */ = {isa = PBXFileReference; fileEncoding = 4; lastKnownFileType = sourcecode.swift; path = SoftwareDetailHeaderCell.swift; sourceTree = "<group>"; };
		316A44EC29C9A310005ADAF2 /* SoftwareDetailNewFeatureCell.swift */ = {isa = PBXFileReference; lastKnownFileType = sourcecode.swift; path = SoftwareDetailNewFeatureCell.swift; sourceTree = "<group>"; };
		316A44ED29C9A310005ADAF2 /* SoftwareDetailNewFeatureCell.xib */ = {isa = PBXFileReference; lastKnownFileType = file.xib; path = SoftwareDetailNewFeatureCell.xib; sourceTree = "<group>"; };
		316A44F029C9AA8A005ADAF2 /* CALayer+.swift */ = {isa = PBXFileReference; lastKnownFileType = sourcecode.swift; path = "CALayer+.swift"; sourceTree = "<group>"; };
		316A44F429C9BAE1005ADAF2 /* Double+.swift */ = {isa = PBXFileReference; lastKnownFileType = sourcecode.swift; path = "Double+.swift"; sourceTree = "<group>"; };
		316A44F729C9C507005ADAF2 /* SoftwareDetailPreviewCell.swift */ = {isa = PBXFileReference; lastKnownFileType = sourcecode.swift; path = SoftwareDetailPreviewCell.swift; sourceTree = "<group>"; };
		316A44F829C9C507005ADAF2 /* SoftwareDetailPreviewCell.xib */ = {isa = PBXFileReference; lastKnownFileType = file.xib; path = SoftwareDetailPreviewCell.xib; sourceTree = "<group>"; };
		316A44FB29C9E279005ADAF2 /* BaseViewModel.swift */ = {isa = PBXFileReference; lastKnownFileType = sourcecode.swift; path = BaseViewModel.swift; sourceTree = "<group>"; };
		316A44FF29C9F3AE005ADAF2 /* SoftwareDetailPreviewContentCell.swift */ = {isa = PBXFileReference; lastKnownFileType = sourcecode.swift; path = SoftwareDetailPreviewContentCell.swift; sourceTree = "<group>"; };
		316A450029C9F3AE005ADAF2 /* SoftwareDetailPreviewContentCell.xib */ = {isa = PBXFileReference; lastKnownFileType = file.xib; path = SoftwareDetailPreviewContentCell.xib; sourceTree = "<group>"; };
		316A450329C9F508005ADAF2 /* UICollectionView+.swift */ = {isa = PBXFileReference; lastKnownFileType = sourcecode.swift; path = "UICollectionView+.swift"; sourceTree = "<group>"; };
		316A450529C9F589005ADAF2 /* ScreenshotItem.swift */ = {isa = PBXFileReference; lastKnownFileType = sourcecode.swift; path = ScreenshotItem.swift; sourceTree = "<group>"; };
		316A450B29CA265A005ADAF2 /* SoftwareDetailDescriptionCell.swift */ = {isa = PBXFileReference; lastKnownFileType = sourcecode.swift; path = SoftwareDetailDescriptionCell.swift; sourceTree = "<group>"; };
		316A450C29CA265A005ADAF2 /* SoftwareDetailDescriptionCell.xib */ = {isa = PBXFileReference; lastKnownFileType = file.xib; path = SoftwareDetailDescriptionCell.xib; sourceTree = "<group>"; };
		3194F11229C5AC110055AA7D /* APITarget.swift */ = {isa = PBXFileReference; lastKnownFileType = sourcecode.swift; path = APITarget.swift; sourceTree = "<group>"; };
		3194F11929C5AD8C0055AA7D /* APITargetType.swift */ = {isa = PBXFileReference; lastKnownFileType = sourcecode.swift; path = APITargetType.swift; sourceTree = "<group>"; };
		3194F11B29C5AE0E0055AA7D /* APIProvider.swift */ = {isa = PBXFileReference; lastKnownFileType = sourcecode.swift; path = APIProvider.swift; sourceTree = "<group>"; };
		3194F11D29C5B9290055AA7D /* APIService.swift */ = {isa = PBXFileReference; lastKnownFileType = sourcecode.swift; path = APIService.swift; sourceTree = "<group>"; };
		3194F11F29C5B9AA0055AA7D /* APIError.swift */ = {isa = PBXFileReference; lastKnownFileType = sourcecode.swift; path = APIError.swift; sourceTree = "<group>"; };
		3194F12229C5BCF70055AA7D /* Error+.swift */ = {isa = PBXFileReference; lastKnownFileType = sourcecode.swift; path = "Error+.swift"; sourceTree = "<group>"; };
		3194F12629C5C6500055AA7D /* SearchViewModel.swift */ = {isa = PBXFileReference; lastKnownFileType = sourcecode.swift; path = SearchViewModel.swift; sourceTree = "<group>"; };
		3194F12829C5C66F0055AA7D /* SearchViewModel+.swift */ = {isa = PBXFileReference; lastKnownFileType = sourcecode.swift; path = "SearchViewModel+.swift"; sourceTree = "<group>"; };
		3194F12A29C5C6CE0055AA7D /* SearchViewController.swift */ = {isa = PBXFileReference; lastKnownFileType = sourcecode.swift; path = SearchViewController.swift; sourceTree = "<group>"; };
		3194F12C29C5C6EE0055AA7D /* BaseViewController.swift */ = {isa = PBXFileReference; lastKnownFileType = sourcecode.swift; path = BaseViewController.swift; sourceTree = "<group>"; };
		3194F12F29C5C9AA0055AA7D /* WindowService.swift */ = {isa = PBXFileReference; lastKnownFileType = sourcecode.swift; path = WindowService.swift; sourceTree = "<group>"; };
		3194F13129C5CC350055AA7D /* SearchViewController.storyboard */ = {isa = PBXFileReference; lastKnownFileType = file.storyboard; path = SearchViewController.storyboard; sourceTree = "<group>"; };
		3194F13429C5CCE60055AA7D /* MainTabBarViewController.swift */ = {isa = PBXFileReference; lastKnownFileType = sourcecode.swift; path = MainTabBarViewController.swift; sourceTree = "<group>"; };
		31D4C6A929C6EA62009E9207 /* SearchResultViewModel+.swift */ = {isa = PBXFileReference; lastKnownFileType = sourcecode.swift; path = "SearchResultViewModel+.swift"; sourceTree = "<group>"; };
		31D4C6AB29C6ED21009E9207 /* RecommendSearchKeywordCell.swift */ = {isa = PBXFileReference; lastKnownFileType = sourcecode.swift; path = RecommendSearchKeywordCell.swift; sourceTree = "<group>"; };
		31D4C6AC29C6ED21009E9207 /* RecommendSearchKeywordCell.xib */ = {isa = PBXFileReference; lastKnownFileType = file.xib; path = RecommendSearchKeywordCell.xib; sourceTree = "<group>"; };
		31D4C6AF29C6FAD3009E9207 /* Array+.swift */ = {isa = PBXFileReference; lastKnownFileType = sourcecode.swift; path = "Array+.swift"; sourceTree = "<group>"; };
		31D4C6B129C715E7009E9207 /* APITarget.Itunes.swift */ = {isa = PBXFileReference; lastKnownFileType = sourcecode.swift; path = APITarget.Itunes.swift; sourceTree = "<group>"; };
		31D4C6B329C71641009E9207 /* Constants.Domain.swift */ = {isa = PBXFileReference; lastKnownFileType = sourcecode.swift; path = Constants.Domain.swift; sourceTree = "<group>"; };
		31D4C6B829C73554009E9207 /* ItunesSearchSoftwareResponseModel.swift */ = {isa = PBXFileReference; lastKnownFileType = sourcecode.swift; path = ItunesSearchSoftwareResponseModel.swift; sourceTree = "<group>"; };
		31D4C6BA29C73DF0009E9207 /* APILogPlugin.swift */ = {isa = PBXFileReference; lastKnownFileType = sourcecode.swift; path = APILogPlugin.swift; sourceTree = "<group>"; };
		31D4C6BC29C73FD8009E9207 /* ItunesMediaType.swift */ = {isa = PBXFileReference; lastKnownFileType = sourcecode.swift; path = ItunesMediaType.swift; sourceTree = "<group>"; };
		31D4C6BE29C819B8009E9207 /* SoftwareItem.swift */ = {isa = PBXFileReference; lastKnownFileType = sourcecode.swift; path = SoftwareItem.swift; sourceTree = "<group>"; };
		31D4C6C129C81B89009E9207 /* LoadingTracker.swift */ = {isa = PBXFileReference; lastKnownFileType = sourcecode.swift; path = LoadingTracker.swift; sourceTree = "<group>"; };
		31D4C6C329C81DD7009E9207 /* SoftwareCell.swift */ = {isa = PBXFileReference; lastKnownFileType = sourcecode.swift; path = SoftwareCell.swift; sourceTree = "<group>"; };
		31D4C6C429C81DD7009E9207 /* SoftwareCell.xib */ = {isa = PBXFileReference; lastKnownFileType = file.xib; path = SoftwareCell.xib; sourceTree = "<group>"; };
/* End PBXFileReference section */

/* Begin PBXFrameworksBuildPhase section */
		3140617B29C591C30099F6F8 /* Frameworks */ = {
			isa = PBXFrameworksBuildPhase;
			buildActionMask = 2147483647;
			files = (
				315E1EFA29C6D94900C51259 /* RealmSwift in Frameworks */,
				315E1EF829C6D94900C51259 /* Realm in Frameworks */,
				3194F11829C5ACA30055AA7D /* RxMoya in Frameworks */,
				316A44B129C826CE005ADAF2 /* Kingfisher in Frameworks */,
				3194F11029C5ABDE0055AA7D /* RxSwift in Frameworks */,
				3194F10E29C5ABDE0055AA7D /* RxRelay in Frameworks */,
				315FDA4129C5DE540049B3A7 /* SnapKit in Frameworks */,
				3194F11629C5ACA30055AA7D /* Moya in Frameworks */,
				3194F10C29C5ABDE0055AA7D /* RxCocoa in Frameworks */,
			);
			runOnlyForDeploymentPostprocessing = 0;
		};
		3140619129C591C50099F6F8 /* Frameworks */ = {
			isa = PBXFrameworksBuildPhase;
			buildActionMask = 2147483647;
			files = (
			);
			runOnlyForDeploymentPostprocessing = 0;
		};
		3140619B29C591C50099F6F8 /* Frameworks */ = {
			isa = PBXFrameworksBuildPhase;
			buildActionMask = 2147483647;
			files = (
			);
			runOnlyForDeploymentPostprocessing = 0;
		};
/* End PBXFrameworksBuildPhase section */

/* Begin PBXGroup section */
		3140617529C591C30099F6F8 = {
			isa = PBXGroup;
			children = (
				3140618029C591C30099F6F8 /* AppStoreClone */,
				3140619729C591C50099F6F8 /* AppStoreCloneTests */,
				314061A129C591C50099F6F8 /* AppStoreCloneUITests */,
				3140617F29C591C30099F6F8 /* Products */,
			);
			sourceTree = "<group>";
		};
		3140617F29C591C30099F6F8 /* Products */ = {
			isa = PBXGroup;
			children = (
				3140617E29C591C30099F6F8 /* AppStoreClone.app */,
				3140619429C591C50099F6F8 /* AppStoreCloneTests.xctest */,
				3140619E29C591C50099F6F8 /* AppStoreCloneUITests.xctest */,
			);
			name = Products;
			sourceTree = "<group>";
		};
		3140618029C591C30099F6F8 /* AppStoreClone */ = {
			isa = PBXGroup;
			children = (
				3140618F29C591C50099F6F8 /* Info.plist */,
				314061B129C59C3D0099F6F8 /* App */,
				314061B329C59DF30099F6F8 /* Base */,
				315E1F0029C6DC2600C51259 /* Constants */,
				31D4C6C029C81B68009E9207 /* Common */,
				315E1F0529C6E0D300C51259 /* Storage */,
				3194F12E29C5C9960055AA7D /* Service */,
				3194F12129C5BCEC0055AA7D /* Extension */,
				3194F10129C5AA050055AA7D /* API */,
				3194F12429C5C6020055AA7D /* Screen */,
				315FDA3B29C5DD970049B3A7 /* Model */,
				31D4C6B729C7351D009E9207 /* ResponseModel */,
				315FDA3C29C5DDA10049B3A7 /* Protocol */,
			);
			path = AppStoreClone;
			sourceTree = "<group>";
		};
		3140619729C591C50099F6F8 /* AppStoreCloneTests */ = {
			isa = PBXGroup;
			children = (
				3140619829C591C50099F6F8 /* AppStoreCloneTests.swift */,
			);
			path = AppStoreCloneTests;
			sourceTree = "<group>";
		};
		314061A129C591C50099F6F8 /* AppStoreCloneUITests */ = {
			isa = PBXGroup;
			children = (
				314061A229C591C50099F6F8 /* AppStoreCloneUITests.swift */,
				314061A429C591C50099F6F8 /* AppStoreCloneUITestsLaunchTests.swift */,
			);
			path = AppStoreCloneUITests;
			sourceTree = "<group>";
		};
		314061B129C59C3D0099F6F8 /* App */ = {
			isa = PBXGroup;
			children = (
				3140618129C591C30099F6F8 /* AppDelegate.swift */,
				3140618329C591C30099F6F8 /* SceneDelegate.swift */,
				3140618529C591C30099F6F8 /* ViewController.swift */,
				3140618729C591C30099F6F8 /* Main.storyboard */,
				3140618A29C591C50099F6F8 /* Assets.xcassets */,
				3140618C29C591C50099F6F8 /* LaunchScreen.storyboard */,
			);
			path = App;
			sourceTree = "<group>";
		};
		314061B329C59DF30099F6F8 /* Base */ = {
			isa = PBXGroup;
			children = (
				314061B429C59E0F0099F6F8 /* ViewModel.swift */,
				314061B629C59F130099F6F8 /* ViewModelBased.swift */,
				314061B829C5A1090099F6F8 /* StoryboardBased.swift */,
				3194F12C29C5C6EE0055AA7D /* BaseViewController.swift */,
				316A44FB29C9E279005ADAF2 /* BaseViewModel.swift */,
			);
			path = Base;
			sourceTree = "<group>";
		};
		315E1F0029C6DC2600C51259 /* Constants */ = {
			isa = PBXGroup;
			children = (
				315E1F0129C6DC3B00C51259 /* Constants.swift */,
				315E1F0329C6DC5300C51259 /* Constants.Realm+.swift */,
				31D4C6B329C71641009E9207 /* Constants.Domain.swift */,
			);
			path = Constants;
			sourceTree = "<group>";
		};
		315E1F0529C6E0D300C51259 /* Storage */ = {
			isa = PBXGroup;
			children = (
				315E1F0629C6E17100C51259 /* LatestSearchKeywordStorage */,
			);
			path = Storage;
			sourceTree = "<group>";
		};
		315E1F0629C6E17100C51259 /* LatestSearchKeywordStorage */ = {
			isa = PBXGroup;
			children = (
				315E1F0829C6E19300C51259 /* LatestSearchKeywordStorage.swift */,
				315E1F0729C6E19300C51259 /* LatestSearchKeywordStoreItem.swift */,
			);
			path = LatestSearchKeywordStorage;
			sourceTree = "<group>";
		};
		315FDA3429C5D8FA0049B3A7 /* SearchResult */ = {
			isa = PBXGroup;
			children = (
				315FDA3729C5D99B0049B3A7 /* SearchResultViewModel.swift */,
				31D4C6A929C6EA62009E9207 /* SearchResultViewModel+.swift */,
				315FDA3629C5D99B0049B3A7 /* SearchResultViewController.swift */,
				315FDA3529C5D99B0049B3A7 /* SearchResultViewController.storyboard */,
				31D4C6AB29C6ED21009E9207 /* RecommendSearchKeywordCell.swift */,
				31D4C6AC29C6ED21009E9207 /* RecommendSearchKeywordCell.xib */,
				31D4C6C329C81DD7009E9207 /* SoftwareCell.swift */,
				31D4C6C429C81DD7009E9207 /* SoftwareCell.xib */,
			);
			path = SearchResult;
			sourceTree = "<group>";
		};
		315FDA3B29C5DD970049B3A7 /* Model */ = {
			isa = PBXGroup;
			children = (
				31D4C6BC29C73FD8009E9207 /* ItunesMediaType.swift */,
				31D4C6BE29C819B8009E9207 /* SoftwareItem.swift */,
				316A450529C9F589005ADAF2 /* ScreenshotItem.swift */,
			);
			path = Model;
			sourceTree = "<group>";
		};
		315FDA3C29C5DDA10049B3A7 /* Protocol */ = {
			isa = PBXGroup;
			children = (
				315FDA3D29C5DDB50049B3A7 /* NibLoadableView.swift */,
				315FDA4229C5DEF10049B3A7 /* ReusableView.swift */,
			);
			path = Protocol;
			sourceTree = "<group>";
		};
		316A44B429C84055005ADAF2 /* View */ = {
			isa = PBXGroup;
			children = (
				316A44B729C8425B005ADAF2 /* ImageProgressComponentView.swift */,
				316A44B929C87F9F005ADAF2 /* AverageUserRatingView.swift */,
			);
			path = View;
			sourceTree = "<group>";
		};
		316A44BD29C8B175005ADAF2 /* Loading */ = {
			isa = PBXGroup;
			children = (
				31D4C6C129C81B89009E9207 /* LoadingTracker.swift */,
				316A44BE29C8B185005ADAF2 /* Loadable.swift */,
				316A44C029C8B195005ADAF2 /* LoadingView.swift */,
				316A44C229C8B1AC005ADAF2 /* DefaultLoadingView.swift */,
			);
			path = Loading;
			sourceTree = "<group>";
		};
		316A44C829C8CD12005ADAF2 /* SoftwareDetail */ = {
			isa = PBXGroup;
			children = (
				316A44CB29C8CD23005ADAF2 /* SoftwareDetailViewModel.swift */,
				316A44CF29C8CD36005ADAF2 /* SoftwareDetailViewModel+.swift */,
				316A44CA29C8CD23005ADAF2 /* SoftwareDetailViewController.swift */,
				316A44C929C8CD23005ADAF2 /* SoftwareDetailViewController.storyboard */,
				316A44D329C91106005ADAF2 /* Views */,
			);
			path = SoftwareDetail;
			sourceTree = "<group>";
		};
		316A44D329C91106005ADAF2 /* Views */ = {
			isa = PBXGroup;
			children = (
				316A44EA29C99913005ADAF2 /* SoftwareDetailHeaderCell.swift */,
				316A44E529C99343005ADAF2 /* SoftwareDetailHeaderCell.xib */,
				316A44EC29C9A310005ADAF2 /* SoftwareDetailNewFeatureCell.swift */,
				316A44ED29C9A310005ADAF2 /* SoftwareDetailNewFeatureCell.xib */,
				316A44F729C9C507005ADAF2 /* SoftwareDetailPreviewCell.swift */,
				316A44F829C9C507005ADAF2 /* SoftwareDetailPreviewCell.xib */,
				316A44FF29C9F3AE005ADAF2 /* SoftwareDetailPreviewContentCell.swift */,
				316A450029C9F3AE005ADAF2 /* SoftwareDetailPreviewContentCell.xib */,
				316A450B29CA265A005ADAF2 /* SoftwareDetailDescriptionCell.swift */,
				316A450C29CA265A005ADAF2 /* SoftwareDetailDescriptionCell.xib */,
			);
			path = Views;
			sourceTree = "<group>";
		};
		3194F10129C5AA050055AA7D /* API */ = {
			isa = PBXGroup;
			children = (
				3194F11129C5ABFE0055AA7D /* Target */,
				3194F11B29C5AE0E0055AA7D /* APIProvider.swift */,
				3194F11D29C5B9290055AA7D /* APIService.swift */,
				3194F11F29C5B9AA0055AA7D /* APIError.swift */,
				31D4C6BA29C73DF0009E9207 /* APILogPlugin.swift */,
			);
			path = API;
			sourceTree = "<group>";
		};
		3194F11129C5ABFE0055AA7D /* Target */ = {
			isa = PBXGroup;
			children = (
				3194F11929C5AD8C0055AA7D /* APITargetType.swift */,
				3194F11229C5AC110055AA7D /* APITarget.swift */,
				31D4C6B129C715E7009E9207 /* APITarget.Itunes.swift */,
			);
			path = Target;
			sourceTree = "<group>";
		};
		3194F12129C5BCEC0055AA7D /* Extension */ = {
			isa = PBXGroup;
			children = (
				3194F12229C5BCF70055AA7D /* Error+.swift */,
				315FDA4429C5E0250049B3A7 /* UITableView+.swift */,
				31D4C6AF29C6FAD3009E9207 /* Array+.swift */,
				316A44B229C826EB005ADAF2 /* UIImageView+.swift */,
				316A44BB29C88FA8005ADAF2 /* Int+.swift */,
				316A44D129C8F229005ADAF2 /* UIButton+.swift */,
				316A44E029C98F3D005ADAF2 /* String+.swift */,
				316A44E229C98F81005ADAF2 /* Date+.swift */,
				316A44F429C9BAE1005ADAF2 /* Double+.swift */,
				316A44F029C9AA8A005ADAF2 /* CALayer+.swift */,
				316A450329C9F508005ADAF2 /* UICollectionView+.swift */,
			);
			path = Extension;
			sourceTree = "<group>";
		};
		3194F12429C5C6020055AA7D /* Screen */ = {
			isa = PBXGroup;
			children = (
				3194F13329C5CCC70055AA7D /* Main */,
				3194F12529C5C6410055AA7D /* Search */,
				315FDA3429C5D8FA0049B3A7 /* SearchResult */,
				316A44C829C8CD12005ADAF2 /* SoftwareDetail */,
			);
			path = Screen;
			sourceTree = "<group>";
		};
		3194F12529C5C6410055AA7D /* Search */ = {
			isa = PBXGroup;
			children = (
				3194F12629C5C6500055AA7D /* SearchViewModel.swift */,
				3194F12829C5C66F0055AA7D /* SearchViewModel+.swift */,
				3194F12A29C5C6CE0055AA7D /* SearchViewController.swift */,
				3194F13129C5CC350055AA7D /* SearchViewController.storyboard */,
				315FDA4629C5E0F10049B3A7 /* LatestSearchKeywordCell.swift */,
				315FDA4729C5E0F10049B3A7 /* LatestSearchKeywordCell.xib */,
				316A44C429C8C58E005ADAF2 /* LatestSearchKeywordHeaderView.swift */,
				316A44C629C8C5B4005ADAF2 /* LatestSearchKeywordHeaderView.xib */,
			);
			path = Search;
			sourceTree = "<group>";
		};
		3194F12E29C5C9960055AA7D /* Service */ = {
			isa = PBXGroup;
			children = (
				3194F12F29C5C9AA0055AA7D /* WindowService.swift */,
			);
			path = Service;
			sourceTree = "<group>";
		};
		3194F13329C5CCC70055AA7D /* Main */ = {
			isa = PBXGroup;
			children = (
				3194F13429C5CCE60055AA7D /* MainTabBarViewController.swift */,
			);
			path = Main;
			sourceTree = "<group>";
		};
		31D4C6B729C7351D009E9207 /* ResponseModel */ = {
			isa = PBXGroup;
			children = (
				31D4C6B829C73554009E9207 /* ItunesSearchSoftwareResponseModel.swift */,
			);
			path = ResponseModel;
			sourceTree = "<group>";
		};
		31D4C6C029C81B68009E9207 /* Common */ = {
			isa = PBXGroup;
			children = (
				316A44BD29C8B175005ADAF2 /* Loading */,
				316A44B429C84055005ADAF2 /* View */,
			);
			path = Common;
			sourceTree = "<group>";
		};
/* End PBXGroup section */

/* Begin PBXNativeTarget section */
		3140617D29C591C30099F6F8 /* AppStoreClone */ = {
			isa = PBXNativeTarget;
			buildConfigurationList = 314061A829C591C50099F6F8 /* Build configuration list for PBXNativeTarget "AppStoreClone" */;
			buildPhases = (
				3140617A29C591C30099F6F8 /* Sources */,
				3140617B29C591C30099F6F8 /* Frameworks */,
				3140617C29C591C30099F6F8 /* Resources */,
			);
			buildRules = (
			);
			dependencies = (
			);
			name = AppStoreClone;
			packageProductDependencies = (
				3194F10B29C5ABDE0055AA7D /* RxCocoa */,
				3194F10D29C5ABDE0055AA7D /* RxRelay */,
				3194F10F29C5ABDE0055AA7D /* RxSwift */,
				3194F11529C5ACA30055AA7D /* Moya */,
				3194F11729C5ACA30055AA7D /* RxMoya */,
				315FDA4029C5DE540049B3A7 /* SnapKit */,
				315E1EF729C6D94900C51259 /* Realm */,
				315E1EF929C6D94900C51259 /* RealmSwift */,
				316A44B029C826CE005ADAF2 /* Kingfisher */,
			);
			productName = AppStoreClone;
			productReference = 3140617E29C591C30099F6F8 /* AppStoreClone.app */;
			productType = "com.apple.product-type.application";
		};
		3140619329C591C50099F6F8 /* AppStoreCloneTests */ = {
			isa = PBXNativeTarget;
			buildConfigurationList = 314061AB29C591C50099F6F8 /* Build configuration list for PBXNativeTarget "AppStoreCloneTests" */;
			buildPhases = (
				3140619029C591C50099F6F8 /* Sources */,
				3140619129C591C50099F6F8 /* Frameworks */,
				3140619229C591C50099F6F8 /* Resources */,
			);
			buildRules = (
			);
			dependencies = (
				3140619629C591C50099F6F8 /* PBXTargetDependency */,
			);
			name = AppStoreCloneTests;
			productName = AppStoreCloneTests;
			productReference = 3140619429C591C50099F6F8 /* AppStoreCloneTests.xctest */;
			productType = "com.apple.product-type.bundle.unit-test";
		};
		3140619D29C591C50099F6F8 /* AppStoreCloneUITests */ = {
			isa = PBXNativeTarget;
			buildConfigurationList = 314061AE29C591C50099F6F8 /* Build configuration list for PBXNativeTarget "AppStoreCloneUITests" */;
			buildPhases = (
				3140619A29C591C50099F6F8 /* Sources */,
				3140619B29C591C50099F6F8 /* Frameworks */,
				3140619C29C591C50099F6F8 /* Resources */,
			);
			buildRules = (
			);
			dependencies = (
				314061A029C591C50099F6F8 /* PBXTargetDependency */,
			);
			name = AppStoreCloneUITests;
			productName = AppStoreCloneUITests;
			productReference = 3140619E29C591C50099F6F8 /* AppStoreCloneUITests.xctest */;
			productType = "com.apple.product-type.bundle.ui-testing";
		};
/* End PBXNativeTarget section */

/* Begin PBXProject section */
		3140617629C591C30099F6F8 /* Project object */ = {
			isa = PBXProject;
			attributes = {
				BuildIndependentTargetsInParallel = 1;
				LastSwiftUpdateCheck = 1420;
				LastUpgradeCheck = 1420;
				TargetAttributes = {
					3140617D29C591C30099F6F8 = {
						CreatedOnToolsVersion = 14.2;
					};
					3140619329C591C50099F6F8 = {
						CreatedOnToolsVersion = 14.2;
						TestTargetID = 3140617D29C591C30099F6F8;
					};
					3140619D29C591C50099F6F8 = {
						CreatedOnToolsVersion = 14.2;
						TestTargetID = 3140617D29C591C30099F6F8;
					};
				};
			};
			buildConfigurationList = 3140617929C591C30099F6F8 /* Build configuration list for PBXProject "AppStoreClone" */;
			compatibilityVersion = "Xcode 14.0";
			developmentRegion = en;
			hasScannedForEncodings = 0;
			knownRegions = (
				en,
				Base,
			);
			mainGroup = 3140617529C591C30099F6F8;
			packageReferences = (
				3194F10A29C5ABDE0055AA7D /* XCRemoteSwiftPackageReference "RxSwift" */,
				3194F11429C5ACA30055AA7D /* XCRemoteSwiftPackageReference "Moya" */,
				315FDA3F29C5DE540049B3A7 /* XCRemoteSwiftPackageReference "SnapKit" */,
				315E1EF629C6D94900C51259 /* XCRemoteSwiftPackageReference "realm-swift" */,
				316A44AF29C826CD005ADAF2 /* XCRemoteSwiftPackageReference "Kingfisher" */,
			);
			productRefGroup = 3140617F29C591C30099F6F8 /* Products */;
			projectDirPath = "";
			projectRoot = "";
			targets = (
				3140617D29C591C30099F6F8 /* AppStoreClone */,
				3140619329C591C50099F6F8 /* AppStoreCloneTests */,
				3140619D29C591C50099F6F8 /* AppStoreCloneUITests */,
			);
		};
/* End PBXProject section */

/* Begin PBXResourcesBuildPhase section */
		3140617C29C591C30099F6F8 /* Resources */ = {
			isa = PBXResourcesBuildPhase;
			buildActionMask = 2147483647;
			files = (
				316A44EF29C9A310005ADAF2 /* SoftwareDetailNewFeatureCell.xib in Resources */,
				316A44E729C99343005ADAF2 /* SoftwareDetailHeaderCell.xib in Resources */,
				316A450229C9F3AE005ADAF2 /* SoftwareDetailPreviewContentCell.xib in Resources */,
				315FDA3829C5D99B0049B3A7 /* SearchResultViewController.storyboard in Resources */,
				3140618E29C591C50099F6F8 /* LaunchScreen.storyboard in Resources */,
				3140618B29C591C50099F6F8 /* Assets.xcassets in Resources */,
				3140618929C591C30099F6F8 /* Main.storyboard in Resources */,
				31D4C6C629C81DD7009E9207 /* SoftwareCell.xib in Resources */,
				316A44CC29C8CD23005ADAF2 /* SoftwareDetailViewController.storyboard in Resources */,
				316A44FA29C9C507005ADAF2 /* SoftwareDetailPreviewCell.xib in Resources */,
				316A450E29CA265A005ADAF2 /* SoftwareDetailDescriptionCell.xib in Resources */,
				316A44C729C8C5B4005ADAF2 /* LatestSearchKeywordHeaderView.xib in Resources */,
				31D4C6AE29C6ED21009E9207 /* RecommendSearchKeywordCell.xib in Resources */,
				315FDA4929C5E0F10049B3A7 /* LatestSearchKeywordCell.xib in Resources */,
				3194F13229C5CC350055AA7D /* SearchViewController.storyboard in Resources */,
			);
			runOnlyForDeploymentPostprocessing = 0;
		};
		3140619229C591C50099F6F8 /* Resources */ = {
			isa = PBXResourcesBuildPhase;
			buildActionMask = 2147483647;
			files = (
			);
			runOnlyForDeploymentPostprocessing = 0;
		};
		3140619C29C591C50099F6F8 /* Resources */ = {
			isa = PBXResourcesBuildPhase;
			buildActionMask = 2147483647;
			files = (
			);
			runOnlyForDeploymentPostprocessing = 0;
		};
/* End PBXResourcesBuildPhase section */

/* Begin PBXSourcesBuildPhase section */
		3140617A29C591C30099F6F8 /* Sources */ = {
			isa = PBXSourcesBuildPhase;
			buildActionMask = 2147483647;
			files = (
				3194F12B29C5C6CE0055AA7D /* SearchViewController.swift in Sources */,
				314061B729C59F130099F6F8 /* ViewModelBased.swift in Sources */,
				3194F11A29C5AD8C0055AA7D /* APITargetType.swift in Sources */,
				31D4C6C229C81B89009E9207 /* LoadingTracker.swift in Sources */,
				316A44B329C826EB005ADAF2 /* UIImageView+.swift in Sources */,
				31D4C6B029C6FAD3009E9207 /* Array+.swift in Sources */,
				316A44E329C98F81005ADAF2 /* Date+.swift in Sources */,
				316A44B829C8425B005ADAF2 /* ImageProgressComponentView.swift in Sources */,
				315FDA3A29C5D99B0049B3A7 /* SearchResultViewModel.swift in Sources */,
				316A44C129C8B195005ADAF2 /* LoadingView.swift in Sources */,
				316A44BC29C88FA8005ADAF2 /* Int+.swift in Sources */,
				316A44D029C8CD36005ADAF2 /* SoftwareDetailViewModel+.swift in Sources */,
				316A44E129C98F3D005ADAF2 /* String+.swift in Sources */,
				31D4C6AD29C6ED21009E9207 /* RecommendSearchKeywordCell.swift in Sources */,
				3194F13529C5CCE70055AA7D /* MainTabBarViewController.swift in Sources */,
				3140618629C591C30099F6F8 /* ViewController.swift in Sources */,
				3140618229C591C30099F6F8 /* AppDelegate.swift in Sources */,
				31D4C6B429C71641009E9207 /* Constants.Domain.swift in Sources */,
				31D4C6AA29C6EA62009E9207 /* SearchResultViewModel+.swift in Sources */,
				316A44D229C8F229005ADAF2 /* UIButton+.swift in Sources */,
				3194F12329C5BCF70055AA7D /* Error+.swift in Sources */,
				316A44F129C9AA8A005ADAF2 /* CALayer+.swift in Sources */,
				31D4C6BB29C73DF0009E9207 /* APILogPlugin.swift in Sources */,
				316A44CD29C8CD23005ADAF2 /* SoftwareDetailViewController.swift in Sources */,
				316A450629C9F589005ADAF2 /* ScreenshotItem.swift in Sources */,
				315FDA4829C5E0F10049B3A7 /* LatestSearchKeywordCell.swift in Sources */,
				3194F12729C5C6500055AA7D /* SearchViewModel.swift in Sources */,
				315E1F0929C6E19300C51259 /* LatestSearchKeywordStoreItem.swift in Sources */,
				315E1F0229C6DC3B00C51259 /* Constants.swift in Sources */,
				316A450129C9F3AE005ADAF2 /* SoftwareDetailPreviewContentCell.swift in Sources */,
				315FDA3E29C5DDB50049B3A7 /* NibLoadableView.swift in Sources */,
				314061B529C59E0F0099F6F8 /* ViewModel.swift in Sources */,
				316A44C529C8C58E005ADAF2 /* LatestSearchKeywordHeaderView.swift in Sources */,
				315E1F0A29C6E19300C51259 /* LatestSearchKeywordStorage.swift in Sources */,
				316A44EB29C99913005ADAF2 /* SoftwareDetailHeaderCell.swift in Sources */,
				3194F13029C5C9AA0055AA7D /* WindowService.swift in Sources */,
				316A44F529C9BAE1005ADAF2 /* Double+.swift in Sources */,
				316A44BA29C87F9F005ADAF2 /* AverageUserRatingView.swift in Sources */,
				314061B929C5A1090099F6F8 /* StoryboardBased.swift in Sources */,
				316A44EE29C9A310005ADAF2 /* SoftwareDetailNewFeatureCell.swift in Sources */,
				3194F11E29C5B9290055AA7D /* APIService.swift in Sources */,
				316A44C329C8B1AC005ADAF2 /* DefaultLoadingView.swift in Sources */,
				3140618429C591C30099F6F8 /* SceneDelegate.swift in Sources */,
				315FDA4329C5DEF10049B3A7 /* ReusableView.swift in Sources */,
				3194F12929C5C66F0055AA7D /* SearchViewModel+.swift in Sources */,
				316A44F929C9C507005ADAF2 /* SoftwareDetailPreviewCell.swift in Sources */,
				316A44CE29C8CD23005ADAF2 /* SoftwareDetailViewModel.swift in Sources */,
				31D4C6BF29C819B8009E9207 /* SoftwareItem.swift in Sources */,
				31D4C6B929C73554009E9207 /* ItunesSearchSoftwareResponseModel.swift in Sources */,
				31D4C6B229C715E7009E9207 /* APITarget.Itunes.swift in Sources */,
				3194F11329C5AC110055AA7D /* APITarget.swift in Sources */,
				315E1F0429C6DC5300C51259 /* Constants.Realm+.swift in Sources */,
				31D4C6C529C81DD7009E9207 /* SoftwareCell.swift in Sources */,
				3194F12D29C5C6EE0055AA7D /* BaseViewController.swift in Sources */,
				3194F11C29C5AE0E0055AA7D /* APIProvider.swift in Sources */,
				316A44FC29C9E279005ADAF2 /* BaseViewModel.swift in Sources */,
				315FDA3929C5D99B0049B3A7 /* SearchResultViewController.swift in Sources */,
				3194F12029C5B9AA0055AA7D /* APIError.swift in Sources */,
				316A450D29CA265A005ADAF2 /* SoftwareDetailDescriptionCell.swift in Sources */,
				316A44BF29C8B185005ADAF2 /* Loadable.swift in Sources */,
				316A450429C9F508005ADAF2 /* UICollectionView+.swift in Sources */,
				315FDA4529C5E0250049B3A7 /* UITableView+.swift in Sources */,
				31D4C6BD29C73FD9009E9207 /* ItunesMediaType.swift in Sources */,
			);
			runOnlyForDeploymentPostprocessing = 0;
		};
		3140619029C591C50099F6F8 /* Sources */ = {
			isa = PBXSourcesBuildPhase;
			buildActionMask = 2147483647;
			files = (
				3140619929C591C50099F6F8 /* AppStoreCloneTests.swift in Sources */,
			);
			runOnlyForDeploymentPostprocessing = 0;
		};
		3140619A29C591C50099F6F8 /* Sources */ = {
			isa = PBXSourcesBuildPhase;
			buildActionMask = 2147483647;
			files = (
				314061A529C591C50099F6F8 /* AppStoreCloneUITestsLaunchTests.swift in Sources */,
				314061A329C591C50099F6F8 /* AppStoreCloneUITests.swift in Sources */,
			);
			runOnlyForDeploymentPostprocessing = 0;
		};
/* End PBXSourcesBuildPhase section */

/* Begin PBXTargetDependency section */
		3140619629C591C50099F6F8 /* PBXTargetDependency */ = {
			isa = PBXTargetDependency;
			target = 3140617D29C591C30099F6F8 /* AppStoreClone */;
			targetProxy = 3140619529C591C50099F6F8 /* PBXContainerItemProxy */;
		};
		314061A029C591C50099F6F8 /* PBXTargetDependency */ = {
			isa = PBXTargetDependency;
			target = 3140617D29C591C30099F6F8 /* AppStoreClone */;
			targetProxy = 3140619F29C591C50099F6F8 /* PBXContainerItemProxy */;
		};
/* End PBXTargetDependency section */

/* Begin PBXVariantGroup section */
		3140618729C591C30099F6F8 /* Main.storyboard */ = {
			isa = PBXVariantGroup;
			children = (
				3140618829C591C30099F6F8 /* Base */,
			);
			name = Main.storyboard;
			sourceTree = "<group>";
		};
		3140618C29C591C50099F6F8 /* LaunchScreen.storyboard */ = {
			isa = PBXVariantGroup;
			children = (
				3140618D29C591C50099F6F8 /* Base */,
			);
			name = LaunchScreen.storyboard;
			sourceTree = "<group>";
		};
/* End PBXVariantGroup section */

/* Begin XCBuildConfiguration section */
		314061A629C591C50099F6F8 /* Debug */ = {
			isa = XCBuildConfiguration;
			buildSettings = {
				ALWAYS_SEARCH_USER_PATHS = NO;
				CLANG_ANALYZER_NONNULL = YES;
				CLANG_ANALYZER_NUMBER_OBJECT_CONVERSION = YES_AGGRESSIVE;
				CLANG_CXX_LANGUAGE_STANDARD = "gnu++20";
				CLANG_ENABLE_MODULES = YES;
				CLANG_ENABLE_OBJC_ARC = YES;
				CLANG_ENABLE_OBJC_WEAK = YES;
				CLANG_WARN_BLOCK_CAPTURE_AUTORELEASING = YES;
				CLANG_WARN_BOOL_CONVERSION = YES;
				CLANG_WARN_COMMA = YES;
				CLANG_WARN_CONSTANT_CONVERSION = YES;
				CLANG_WARN_DEPRECATED_OBJC_IMPLEMENTATIONS = YES;
				CLANG_WARN_DIRECT_OBJC_ISA_USAGE = YES_ERROR;
				CLANG_WARN_DOCUMENTATION_COMMENTS = YES;
				CLANG_WARN_EMPTY_BODY = YES;
				CLANG_WARN_ENUM_CONVERSION = YES;
				CLANG_WARN_INFINITE_RECURSION = YES;
				CLANG_WARN_INT_CONVERSION = YES;
				CLANG_WARN_NON_LITERAL_NULL_CONVERSION = YES;
				CLANG_WARN_OBJC_IMPLICIT_RETAIN_SELF = YES;
				CLANG_WARN_OBJC_LITERAL_CONVERSION = YES;
				CLANG_WARN_OBJC_ROOT_CLASS = YES_ERROR;
				CLANG_WARN_QUOTED_INCLUDE_IN_FRAMEWORK_HEADER = YES;
				CLANG_WARN_RANGE_LOOP_ANALYSIS = YES;
				CLANG_WARN_STRICT_PROTOTYPES = YES;
				CLANG_WARN_SUSPICIOUS_MOVE = YES;
				CLANG_WARN_UNGUARDED_AVAILABILITY = YES_AGGRESSIVE;
				CLANG_WARN_UNREACHABLE_CODE = YES;
				CLANG_WARN__DUPLICATE_METHOD_MATCH = YES;
				COPY_PHASE_STRIP = NO;
				DEBUG_INFORMATION_FORMAT = dwarf;
				ENABLE_STRICT_OBJC_MSGSEND = YES;
				ENABLE_TESTABILITY = YES;
				GCC_C_LANGUAGE_STANDARD = gnu11;
				GCC_DYNAMIC_NO_PIC = NO;
				GCC_NO_COMMON_BLOCKS = YES;
				GCC_OPTIMIZATION_LEVEL = 0;
				GCC_PREPROCESSOR_DEFINITIONS = (
					"DEBUG=1",
					"$(inherited)",
				);
				GCC_WARN_64_TO_32_BIT_CONVERSION = YES;
				GCC_WARN_ABOUT_RETURN_TYPE = YES_ERROR;
				GCC_WARN_UNDECLARED_SELECTOR = YES;
				GCC_WARN_UNINITIALIZED_AUTOS = YES_AGGRESSIVE;
				GCC_WARN_UNUSED_FUNCTION = YES;
				GCC_WARN_UNUSED_VARIABLE = YES;
				IPHONEOS_DEPLOYMENT_TARGET = 16.2;
				MTL_ENABLE_DEBUG_INFO = INCLUDE_SOURCE;
				MTL_FAST_MATH = YES;
				ONLY_ACTIVE_ARCH = YES;
				SDKROOT = iphoneos;
				SWIFT_ACTIVE_COMPILATION_CONDITIONS = DEBUG;
				SWIFT_OPTIMIZATION_LEVEL = "-Onone";
			};
			name = Debug;
		};
		314061A729C591C50099F6F8 /* Release */ = {
			isa = XCBuildConfiguration;
			buildSettings = {
				ALWAYS_SEARCH_USER_PATHS = NO;
				CLANG_ANALYZER_NONNULL = YES;
				CLANG_ANALYZER_NUMBER_OBJECT_CONVERSION = YES_AGGRESSIVE;
				CLANG_CXX_LANGUAGE_STANDARD = "gnu++20";
				CLANG_ENABLE_MODULES = YES;
				CLANG_ENABLE_OBJC_ARC = YES;
				CLANG_ENABLE_OBJC_WEAK = YES;
				CLANG_WARN_BLOCK_CAPTURE_AUTORELEASING = YES;
				CLANG_WARN_BOOL_CONVERSION = YES;
				CLANG_WARN_COMMA = YES;
				CLANG_WARN_CONSTANT_CONVERSION = YES;
				CLANG_WARN_DEPRECATED_OBJC_IMPLEMENTATIONS = YES;
				CLANG_WARN_DIRECT_OBJC_ISA_USAGE = YES_ERROR;
				CLANG_WARN_DOCUMENTATION_COMMENTS = YES;
				CLANG_WARN_EMPTY_BODY = YES;
				CLANG_WARN_ENUM_CONVERSION = YES;
				CLANG_WARN_INFINITE_RECURSION = YES;
				CLANG_WARN_INT_CONVERSION = YES;
				CLANG_WARN_NON_LITERAL_NULL_CONVERSION = YES;
				CLANG_WARN_OBJC_IMPLICIT_RETAIN_SELF = YES;
				CLANG_WARN_OBJC_LITERAL_CONVERSION = YES;
				CLANG_WARN_OBJC_ROOT_CLASS = YES_ERROR;
				CLANG_WARN_QUOTED_INCLUDE_IN_FRAMEWORK_HEADER = YES;
				CLANG_WARN_RANGE_LOOP_ANALYSIS = YES;
				CLANG_WARN_STRICT_PROTOTYPES = YES;
				CLANG_WARN_SUSPICIOUS_MOVE = YES;
				CLANG_WARN_UNGUARDED_AVAILABILITY = YES_AGGRESSIVE;
				CLANG_WARN_UNREACHABLE_CODE = YES;
				CLANG_WARN__DUPLICATE_METHOD_MATCH = YES;
				COPY_PHASE_STRIP = NO;
				DEBUG_INFORMATION_FORMAT = "dwarf-with-dsym";
				ENABLE_NS_ASSERTIONS = NO;
				ENABLE_STRICT_OBJC_MSGSEND = YES;
				GCC_C_LANGUAGE_STANDARD = gnu11;
				GCC_NO_COMMON_BLOCKS = YES;
				GCC_WARN_64_TO_32_BIT_CONVERSION = YES;
				GCC_WARN_ABOUT_RETURN_TYPE = YES_ERROR;
				GCC_WARN_UNDECLARED_SELECTOR = YES;
				GCC_WARN_UNINITIALIZED_AUTOS = YES_AGGRESSIVE;
				GCC_WARN_UNUSED_FUNCTION = YES;
				GCC_WARN_UNUSED_VARIABLE = YES;
				IPHONEOS_DEPLOYMENT_TARGET = 16.2;
				MTL_ENABLE_DEBUG_INFO = NO;
				MTL_FAST_MATH = YES;
				SDKROOT = iphoneos;
				SWIFT_COMPILATION_MODE = wholemodule;
				SWIFT_OPTIMIZATION_LEVEL = "-O";
				VALIDATE_PRODUCT = YES;
			};
			name = Release;
		};
		314061A929C591C50099F6F8 /* Debug */ = {
			isa = XCBuildConfiguration;
			buildSettings = {
				ASSETCATALOG_COMPILER_APPICON_NAME = AppIcon;
				ASSETCATALOG_COMPILER_GLOBAL_ACCENT_COLOR_NAME = AccentColor;
				CODE_SIGN_STYLE = Automatic;
				CURRENT_PROJECT_VERSION = 1;
				DEVELOPMENT_TEAM = 3S767N4AG9;
				GENERATE_INFOPLIST_FILE = YES;
				INFOPLIST_FILE = AppStoreClone/Info.plist;
				INFOPLIST_KEY_UIApplicationSupportsIndirectInputEvents = YES;
				INFOPLIST_KEY_UILaunchStoryboardName = LaunchScreen;
				INFOPLIST_KEY_UIMainStoryboardFile = Main;
				INFOPLIST_KEY_UISupportedInterfaceOrientations_iPad = "UIInterfaceOrientationPortrait UIInterfaceOrientationPortraitUpsideDown UIInterfaceOrientationLandscapeLeft UIInterfaceOrientationLandscapeRight";
				INFOPLIST_KEY_UISupportedInterfaceOrientations_iPhone = "UIInterfaceOrientationPortrait UIInterfaceOrientationLandscapeLeft UIInterfaceOrientationLandscapeRight";
				IPHONEOS_DEPLOYMENT_TARGET = 13.0;
				LD_RUNPATH_SEARCH_PATHS = (
					"$(inherited)",
					"@executable_path/Frameworks",
				);
				MARKETING_VERSION = 1.0.0;
				PRODUCT_BUNDLE_IDENTIFIER = com.didwndckd.AppStoreSearchClone;
				PRODUCT_NAME = "$(TARGET_NAME)";
				SWIFT_EMIT_LOC_STRINGS = YES;
				SWIFT_VERSION = 5.0;
				TARGETED_DEVICE_FAMILY = "1,2";
			};
			name = Debug;
		};
		314061AA29C591C50099F6F8 /* Release */ = {
			isa = XCBuildConfiguration;
			buildSettings = {
				ASSETCATALOG_COMPILER_APPICON_NAME = AppIcon;
				ASSETCATALOG_COMPILER_GLOBAL_ACCENT_COLOR_NAME = AccentColor;
				CODE_SIGN_STYLE = Automatic;
				CURRENT_PROJECT_VERSION = 1;
				DEVELOPMENT_TEAM = 3S767N4AG9;
				GENERATE_INFOPLIST_FILE = YES;
				INFOPLIST_FILE = AppStoreClone/Info.plist;
				INFOPLIST_KEY_UIApplicationSupportsIndirectInputEvents = YES;
				INFOPLIST_KEY_UILaunchStoryboardName = LaunchScreen;
				INFOPLIST_KEY_UIMainStoryboardFile = Main;
				INFOPLIST_KEY_UISupportedInterfaceOrientations_iPad = "UIInterfaceOrientationPortrait UIInterfaceOrientationPortraitUpsideDown UIInterfaceOrientationLandscapeLeft UIInterfaceOrientationLandscapeRight";
				INFOPLIST_KEY_UISupportedInterfaceOrientations_iPhone = "UIInterfaceOrientationPortrait UIInterfaceOrientationLandscapeLeft UIInterfaceOrientationLandscapeRight";
				IPHONEOS_DEPLOYMENT_TARGET = 13.0;
				LD_RUNPATH_SEARCH_PATHS = (
					"$(inherited)",
					"@executable_path/Frameworks",
				);
				MARKETING_VERSION = 1.0.0;
				PRODUCT_BUNDLE_IDENTIFIER = com.didwndckd.AppStoreSearchClone;
				PRODUCT_NAME = "$(TARGET_NAME)";
				SWIFT_EMIT_LOC_STRINGS = YES;
				SWIFT_VERSION = 5.0;
				TARGETED_DEVICE_FAMILY = "1,2";
			};
			name = Release;
		};
		314061AC29C591C50099F6F8 /* Debug */ = {
			isa = XCBuildConfiguration;
			buildSettings = {
				ALWAYS_EMBED_SWIFT_STANDARD_LIBRARIES = YES;
				BUNDLE_LOADER = "$(TEST_HOST)";
				CODE_SIGN_STYLE = Automatic;
				CURRENT_PROJECT_VERSION = 1;
				DEVELOPMENT_TEAM = 3S767N4AG9;
				GENERATE_INFOPLIST_FILE = YES;
				IPHONEOS_DEPLOYMENT_TARGET = 16.2;
				MARKETING_VERSION = 1.0;
				PRODUCT_BUNDLE_IDENTIFIER = com.didwndckd.AppStoreCloneTests;
				PRODUCT_NAME = "$(TARGET_NAME)";
				SWIFT_EMIT_LOC_STRINGS = NO;
				SWIFT_VERSION = 5.0;
				TARGETED_DEVICE_FAMILY = "1,2";
				TEST_HOST = "$(BUILT_PRODUCTS_DIR)/AppStoreClone.app/$(BUNDLE_EXECUTABLE_FOLDER_PATH)/AppStoreClone";
			};
			name = Debug;
		};
		314061AD29C591C50099F6F8 /* Release */ = {
			isa = XCBuildConfiguration;
			buildSettings = {
				ALWAYS_EMBED_SWIFT_STANDARD_LIBRARIES = YES;
				BUNDLE_LOADER = "$(TEST_HOST)";
				CODE_SIGN_STYLE = Automatic;
				CURRENT_PROJECT_VERSION = 1;
				DEVELOPMENT_TEAM = 3S767N4AG9;
				GENERATE_INFOPLIST_FILE = YES;
				IPHONEOS_DEPLOYMENT_TARGET = 16.2;
				MARKETING_VERSION = 1.0;
				PRODUCT_BUNDLE_IDENTIFIER = com.didwndckd.AppStoreCloneTests;
				PRODUCT_NAME = "$(TARGET_NAME)";
				SWIFT_EMIT_LOC_STRINGS = NO;
				SWIFT_VERSION = 5.0;
				TARGETED_DEVICE_FAMILY = "1,2";
				TEST_HOST = "$(BUILT_PRODUCTS_DIR)/AppStoreClone.app/$(BUNDLE_EXECUTABLE_FOLDER_PATH)/AppStoreClone";
			};
			name = Release;
		};
		314061AF29C591C50099F6F8 /* Debug */ = {
			isa = XCBuildConfiguration;
			buildSettings = {
				ALWAYS_EMBED_SWIFT_STANDARD_LIBRARIES = YES;
				CODE_SIGN_STYLE = Automatic;
				CURRENT_PROJECT_VERSION = 1;
				DEVELOPMENT_TEAM = KV6282V296;
				GENERATE_INFOPLIST_FILE = YES;
				MARKETING_VERSION = 1.0;
				PRODUCT_BUNDLE_IDENTIFIER = com.didwndckd.AppStoreCloneUITests2;
				PRODUCT_NAME = "$(TARGET_NAME)";
				SWIFT_EMIT_LOC_STRINGS = NO;
				SWIFT_VERSION = 5.0;
				TARGETED_DEVICE_FAMILY = "1,2";
				TEST_TARGET_NAME = AppStoreClone;
			};
			name = Debug;
		};
		314061B029C591C50099F6F8 /* Release */ = {
			isa = XCBuildConfiguration;
			buildSettings = {
				ALWAYS_EMBED_SWIFT_STANDARD_LIBRARIES = YES;
				CODE_SIGN_STYLE = Automatic;
				CURRENT_PROJECT_VERSION = 1;
				DEVELOPMENT_TEAM = KV6282V296;
				GENERATE_INFOPLIST_FILE = YES;
				MARKETING_VERSION = 1.0;
				PRODUCT_BUNDLE_IDENTIFIER = com.didwndckd.AppStoreCloneUITests2;
				PRODUCT_NAME = "$(TARGET_NAME)";
				SWIFT_EMIT_LOC_STRINGS = NO;
				SWIFT_VERSION = 5.0;
				TARGETED_DEVICE_FAMILY = "1,2";
				TEST_TARGET_NAME = AppStoreClone;
			};
			name = Release;
		};
/* End XCBuildConfiguration section */

/* Begin XCConfigurationList section */
		3140617929C591C30099F6F8 /* Build configuration list for PBXProject "AppStoreClone" */ = {
			isa = XCConfigurationList;
			buildConfigurations = (
				314061A629C591C50099F6F8 /* Debug */,
				314061A729C591C50099F6F8 /* Release */,
			);
			defaultConfigurationIsVisible = 0;
			defaultConfigurationName = Release;
		};
		314061A829C591C50099F6F8 /* Build configuration list for PBXNativeTarget "AppStoreClone" */ = {
			isa = XCConfigurationList;
			buildConfigurations = (
				314061A929C591C50099F6F8 /* Debug */,
				314061AA29C591C50099F6F8 /* Release */,
			);
			defaultConfigurationIsVisible = 0;
			defaultConfigurationName = Release;
		};
		314061AB29C591C50099F6F8 /* Build configuration list for PBXNativeTarget "AppStoreCloneTests" */ = {
			isa = XCConfigurationList;
			buildConfigurations = (
				314061AC29C591C50099F6F8 /* Debug */,
				314061AD29C591C50099F6F8 /* Release */,
			);
			defaultConfigurationIsVisible = 0;
			defaultConfigurationName = Release;
		};
		314061AE29C591C50099F6F8 /* Build configuration list for PBXNativeTarget "AppStoreCloneUITests" */ = {
			isa = XCConfigurationList;
			buildConfigurations = (
				314061AF29C591C50099F6F8 /* Debug */,
				314061B029C591C50099F6F8 /* Release */,
			);
			defaultConfigurationIsVisible = 0;
			defaultConfigurationName = Release;
		};
/* End XCConfigurationList section */

/* Begin XCRemoteSwiftPackageReference section */
		315E1EF629C6D94900C51259 /* XCRemoteSwiftPackageReference "realm-swift" */ = {
			isa = XCRemoteSwiftPackageReference;
			repositoryURL = "https://github.com/realm/realm-swift.git";
			requirement = {
				kind = upToNextMajorVersion;
				minimumVersion = 10.0.0;
			};
		};
		315FDA3F29C5DE540049B3A7 /* XCRemoteSwiftPackageReference "SnapKit" */ = {
			isa = XCRemoteSwiftPackageReference;
			repositoryURL = "https://github.com/SnapKit/SnapKit.git";
			requirement = {
				kind = upToNextMajorVersion;
				minimumVersion = 5.0.0;
			};
		};
		316A44AF29C826CD005ADAF2 /* XCRemoteSwiftPackageReference "Kingfisher" */ = {
			isa = XCRemoteSwiftPackageReference;
			repositoryURL = "https://github.com/onevcat/Kingfisher.git";
			requirement = {
				kind = upToNextMajorVersion;
				minimumVersion = 7.0.0;
			};
		};
		3194F10A29C5ABDE0055AA7D /* XCRemoteSwiftPackageReference "RxSwift" */ = {
			isa = XCRemoteSwiftPackageReference;
			repositoryURL = "https://github.com/ReactiveX/RxSwift.git";
			requirement = {
				kind = upToNextMajorVersion;
				minimumVersion = 6.5.0;
			};
		};
		3194F11429C5ACA30055AA7D /* XCRemoteSwiftPackageReference "Moya" */ = {
			isa = XCRemoteSwiftPackageReference;
			repositoryURL = "https://github.com/Moya/Moya.git";
			requirement = {
				kind = upToNextMajorVersion;
				minimumVersion = 15.0.0;
			};
		};
/* End XCRemoteSwiftPackageReference section */

/* Begin XCSwiftPackageProductDependency section */
		315E1EF729C6D94900C51259 /* Realm */ = {
			isa = XCSwiftPackageProductDependency;
			package = 315E1EF629C6D94900C51259 /* XCRemoteSwiftPackageReference "realm-swift" */;
			productName = Realm;
		};
		315E1EF929C6D94900C51259 /* RealmSwift */ = {
			isa = XCSwiftPackageProductDependency;
			package = 315E1EF629C6D94900C51259 /* XCRemoteSwiftPackageReference "realm-swift" */;
			productName = RealmSwift;
		};
		315FDA4029C5DE540049B3A7 /* SnapKit */ = {
			isa = XCSwiftPackageProductDependency;
			package = 315FDA3F29C5DE540049B3A7 /* XCRemoteSwiftPackageReference "SnapKit" */;
			productName = SnapKit;
		};
		316A44B029C826CE005ADAF2 /* Kingfisher */ = {
			isa = XCSwiftPackageProductDependency;
			package = 316A44AF29C826CD005ADAF2 /* XCRemoteSwiftPackageReference "Kingfisher" */;
			productName = Kingfisher;
		};
		3194F10B29C5ABDE0055AA7D /* RxCocoa */ = {
			isa = XCSwiftPackageProductDependency;
			package = 3194F10A29C5ABDE0055AA7D /* XCRemoteSwiftPackageReference "RxSwift" */;
			productName = RxCocoa;
		};
		3194F10D29C5ABDE0055AA7D /* RxRelay */ = {
			isa = XCSwiftPackageProductDependency;
			package = 3194F10A29C5ABDE0055AA7D /* XCRemoteSwiftPackageReference "RxSwift" */;
			productName = RxRelay;
		};
		3194F10F29C5ABDE0055AA7D /* RxSwift */ = {
			isa = XCSwiftPackageProductDependency;
			package = 3194F10A29C5ABDE0055AA7D /* XCRemoteSwiftPackageReference "RxSwift" */;
			productName = RxSwift;
		};
		3194F11529C5ACA30055AA7D /* Moya */ = {
			isa = XCSwiftPackageProductDependency;
			package = 3194F11429C5ACA30055AA7D /* XCRemoteSwiftPackageReference "Moya" */;
			productName = Moya;
		};
		3194F11729C5ACA30055AA7D /* RxMoya */ = {
			isa = XCSwiftPackageProductDependency;
			package = 3194F11429C5ACA30055AA7D /* XCRemoteSwiftPackageReference "Moya" */;
			productName = RxMoya;
		};
/* End XCSwiftPackageProductDependency section */
	};
	rootObject = 3140617629C591C30099F6F8 /* Project object */;
}
